
Microsoft Visual Studio Solution File, Format Version 12.00
# Visual Studio 15
Project("{FAE04EC0-301F-11D3-BF4B-00C04F79EFBC}") = "Assembly-CSharp", "Assembly-CSharp.csproj", "{14DC1233-A2A1-6571-1485-499C574FA93E}"
EndProject
Project("{FAE04EC0-301F-11D3-BF4B-00C04F79EFBC}") = "Assembly-CSharp-Editor", "Assembly-CSharp-Editor.csproj", "{72F365B3-D739-E66A-E88E-CFEE144B3063}"
EndProject
Global
	GlobalSection(SolutionConfigurationPlatforms) = preSolution
		Debug|Any CPU = Debug|Any CPU
		Release|Any CPU = Release|Any CPU
	EndGlobalSection
	GlobalSection(ProjectConfigurationPlatforms) = postSolution
		{14DC1233-A2A1-6571-1485-499C574FA93E}.Debug|Any CPU.ActiveCfg = Debug|Any CPU
		{14DC1233-A2A1-6571-1485-499C574FA93E}.Debug|Any CPU.Build.0 = Debug|Any CPU
		{14DC1233-A2A1-6571-1485-499C574FA93E}.Release|Any CPU.ActiveCfg = Release|Any CPU
		{14DC1233-A2A1-6571-1485-499C574FA93E}.Release|Any CPU.Build.0 = Release|Any CPU
		{72F365B3-D739-E66A-E88E-CFEE144B3063}.Debug|Any CPU.ActiveCfg = Debug|Any CPU
		{72F365B3-D739-E66A-E88E-CFEE144B3063}.Debug|Any CPU.Build.0 = Debug|Any CPU
		{72F365B3-D739-E66A-E88E-CFEE144B3063}.Release|Any CPU.ActiveCfg = Release|Any CPU
		{72F365B3-D739-E66A-E88E-CFEE144B3063}.Release|Any CPU.Build.0 = Release|Any CPU
	EndGlobalSection
	GlobalSection(SolutionProperties) = preSolution
		HideSolutionNode = FALSE
	EndGlobalSection
EndGlobal
